// !$*UTF8*$!
{
	archiveVersion = 1;
	classes = {
	};
	objectVersion = 46;
	objects = {

/* Begin PBXBuildFile section */
		00B0105B1876BB9700D6F349 /* Foundation.framework in Frameworks */ = {isa = PBXBuildFile; fileRef = 00B0105A1876BB9700D6F349 /* Foundation.framework */; };
		00B0105D1876BB9700D6F349 /* CoreGraphics.framework in Frameworks */ = {isa = PBXBuildFile; fileRef = 00B0105C1876BB9700D6F349 /* CoreGraphics.framework */; };
		00B0105F1876BB9700D6F349 /* UIKit.framework in Frameworks */ = {isa = PBXBuildFile; fileRef = 00B0105E1876BB9700D6F349 /* UIKit.framework */; };
		00B010651876BB9700D6F349 /* InfoPlist.strings in Resources */ = {isa = PBXBuildFile; fileRef = 00B010631876BB9700D6F349 /* InfoPlist.strings */; };
		00B010671876BB9700D6F349 /* main.m in Sources */ = {isa = PBXBuildFile; fileRef = 00B010661876BB9700D6F349 /* main.m */; };
		00B0106B1876BB9700D6F349 /* AppDelegate.m in Sources */ = {isa = PBXBuildFile; fileRef = 00B0106A1876BB9700D6F349 /* AppDelegate.m */; };
		00B0106E1876BB9700D6F349 /* Main.storyboard in Resources */ = {isa = PBXBuildFile; fileRef = 00B0106C1876BB9700D6F349 /* Main.storyboard */; };
		00B010711876BB9700D6F349 /* ViewController.m in Sources */ = {isa = PBXBuildFile; fileRef = 00B010701876BB9700D6F349 /* ViewController.m */; };
		00B010731876BB9700D6F349 /* Images.xcassets in Resources */ = {isa = PBXBuildFile; fileRef = 00B010721876BB9700D6F349 /* Images.xcassets */; };
		00B0107A1876BB9700D6F349 /* XCTest.framework in Frameworks */ = {isa = PBXBuildFile; fileRef = 00B010791876BB9700D6F349 /* XCTest.framework */; };
		00B0107B1876BB9700D6F349 /* Foundation.framework in Frameworks */ = {isa = PBXBuildFile; fileRef = 00B0105A1876BB9700D6F349 /* Foundation.framework */; };
		00B0107C1876BB9700D6F349 /* UIKit.framework in Frameworks */ = {isa = PBXBuildFile; fileRef = 00B0105E1876BB9700D6F349 /* UIKit.framework */; };
		00B010841876BB9700D6F349 /* InfoPlist.strings in Resources */ = {isa = PBXBuildFile; fileRef = 00B010821876BB9700D6F349 /* InfoPlist.strings */; };
		00B010861876BB9700D6F349 /* p117Tests.m in Sources */ = {isa = PBXBuildFile; fileRef = 00B010851876BB9700D6F349 /* p117Tests.m */; };
/* End PBXBuildFile section */

/* Begin PBXContainerItemProxy section */
		00B0107D1876BB9700D6F349 /* PBXContainerItemProxy */ = {
			isa = PBXContainerItemProxy;
			containerPortal = 00B0104F1876BB9700D6F349 /* Project object */;
			proxyType = 1;
			remoteGlobalIDString = 00B010561876BB9700D6F349;
			remoteInfo = p117;
		};
/* End PBXContainerItemProxy section */

/* Begin PBXFileReference section */
		00B010571876BB9700D6F349 /* p117.app */ = {isa = PBXFileReference; explicitFileType = wrapper.application; includeInIndex = 0; path = p117.app; sourceTree = BUILT_PRODUCTS_DIR; };
		00B0105A1876BB9700D6F349 /* Foundation.framework */ = {isa = PBXFileReference; lastKnownFileType = wrapper.framework; name = Foundation.framework; path = System/Library/Frameworks/Foundation.framework; sourceTree = SDKROOT; };
		00B0105C1876BB9700D6F349 /* CoreGraphics.framework */ = {isa = PBXFileReference; lastKnownFileType = wrapper.framework; name = CoreGraphics.framework; path = System/Library/Frameworks/CoreGraphics.framework; sourceTree = SDKROOT; };
		00B0105E1876BB9700D6F349 /* UIKit.framework */ = {isa = PBXFileReference; lastKnownFileType = wrapper.framework; name = UIKit.framework; path = System/Library/Frameworks/UIKit.framework; sourceTree = SDKROOT; };
		00B010621876BB9700D6F349 /* p117-Info.plist */ = {isa = PBXFileReference; lastKnownFileType = text.plist.xml; path = "p117-Info.plist"; sourceTree = "<group>"; };
		00B010641876BB9700D6F349 /* en */ = {isa = PBXFileReference; lastKnownFileType = text.plist.strings; name = en; path = en.lproj/InfoPlist.strings; sourceTree = "<group>"; };
		00B010661876BB9700D6F349 /* main.m */ = {isa = PBXFileReference; lastKnownFileType = sourcecode.c.objc; path = main.m; sourceTree = "<group>"; };
		00B010681876BB9700D6F349 /* p117-Prefix.pch */ = {isa = PBXFileReference; lastKnownFileType = sourcecode.c.h; path = "p117-Prefix.pch"; sourceTree = "<group>"; };
		00B010691876BB9700D6F349 /* AppDelegate.h */ = {isa = PBXFileReference; lastKnownFileType = sourcecode.c.h; path = AppDelegate.h; sourceTree = "<group>"; };
		00B0106A1876BB9700D6F349 /* AppDelegate.m */ = {isa = PBXFileReference; lastKnownFileType = sourcecode.c.objc; path = AppDelegate.m; sourceTree = "<group>"; };
		00B0106D1876BB9700D6F349 /* Base */ = {isa = PBXFileReference; lastKnownFileType = file.storyboard; name = Base; path = Base.lproj/Main.storyboard; sourceTree = "<group>"; };
		00B0106F1876BB9700D6F349 /* ViewController.h */ = {isa = PBXFileReference; lastKnownFileType = sourcecode.c.h; path = ViewController.h; sourceTree = "<group>"; };
		00B010701876BB9700D6F349 /* ViewController.m */ = {isa = PBXFileReference; lastKnownFileType = sourcecode.c.objc; path = ViewController.m; sourceTree = "<group>"; };
		00B010721876BB9700D6F349 /* Images.xcassets */ = {isa = PBXFileReference; lastKnownFileType = folder.assetcatalog; path = Images.xcassets; sourceTree = "<group>"; };
		00B010781876BB9700D6F349 /* p117Tests.xctest */ = {isa = PBXFileReference; explicitFileType = wrapper.cfbundle; includeInIndex = 0; path = p117Tests.xctest; sourceTree = BUILT_PRODUCTS_DIR; };
		00B010791876BB9700D6F349 /* XCTest.framework */ = {isa = PBXFileReference; lastKnownFileType = wrapper.framework; name = XCTest.framework; path = Library/Frameworks/XCTest.framework; sourceTree = DEVELOPER_DIR; };
		00B010811876BB9700D6F349 /* p117Tests-Info.plist */ = {isa = PBXFileReference; lastKnownFileType = text.plist.xml; path = "p117Tests-Info.plist"; sourceTree = "<group>"; };
		00B010831876BB9700D6F349 /* en */ = {isa = PBXFileReference; lastKnownFileType = text.plist.strings; name = en; path = en.lproj/InfoPlist.strings; sourceTree = "<group>"; };
		00B010851876BB9700D6F349 /* p117Tests.m */ = {isa = PBXFileReference; lastKnownFileType = sourcecode.c.objc; path = p117Tests.m; sourceTree = "<group>"; };
/* End PBXFileReference section */

/* Begin PBXFrameworksBuildPhase section */
		00B010541876BB9700D6F349 /* Frameworks */ = {
			isa = PBXFrameworksBuildPhase;
			buildActionMask = 2147483647;
			files = (
				00B0105D1876BB9700D6F349 /* CoreGraphics.framework in Frameworks */,
				00B0105F1876BB9700D6F349 /* UIKit.framework in Frameworks */,
				00B0105B1876BB9700D6F349 /* Foundation.framework in Frameworks */,
			);
			runOnlyForDeploymentPostprocessing = 0;
		};
		00B010751876BB9700D6F349 /* Frameworks */ = {
			isa = PBXFrameworksBuildPhase;
			buildActionMask = 2147483647;
			files = (
				00B0107A1876BB9700D6F349 /* XCTest.framework in Frameworks */,
				00B0107C1876BB9700D6F349 /* UIKit.framework in Frameworks */,
				00B0107B1876BB9700D6F349 /* Foundation.framework in Frameworks */,
			);
			runOnlyForDeploymentPostprocessing = 0;
		};
/* End PBXFrameworksBuildPhase section */

/* Begin PBXGroup section */
		00B0104E1876BB9700D6F349 = {
			isa = PBXGroup;
			children = (
				00B010601876BB9700D6F349 /* p117 */,
				00B0107F1876BB9700D6F349 /* p117Tests */,
				00B010591876BB9700D6F349 /* Frameworks */,
				00B010581876BB9700D6F349 /* Products */,
			);
			sourceTree = "<group>";
		};
		00B010581876BB9700D6F349 /* Products */ = {
			isa = PBXGroup;
			children = (
				00B010571876BB9700D6F349 /* p117.app */,
				00B010781876BB9700D6F349 /* p117Tests.xctest */,
			);
			name = Products;
			sourceTree = "<group>";
		};
		00B010591876BB9700D6F349 /* Frameworks */ = {
			isa = PBXGroup;
			children = (
				00B0105A1876BB9700D6F349 /* Foundation.framework */,
				00B0105C1876BB9700D6F349 /* CoreGraphics.framework */,
				00B0105E1876BB9700D6F349 /* UIKit.framework */,
				00B010791876BB9700D6F349 /* XCTest.framework */,
			);
			name = Frameworks;
			sourceTree = "<group>";
		};
		00B010601876BB9700D6F349 /* p117 */ = {
			isa = PBXGroup;
			children = (
				00B010691876BB9700D6F349 /* AppDelegate.h */,
				00B0106A1876BB9700D6F349 /* AppDelegate.m */,
				00B0106C1876BB9700D6F349 /* Main.storyboard */,
				00B0106F1876BB9700D6F349 /* ViewController.h */,
				00B010701876BB9700D6F349 /* ViewController.m */,
				00B010721876BB9700D6F349 /* Images.xcassets */,
				00B010611876BB9700D6F349 /* Supporting Files */,
			);
			path = p117;
			sourceTree = "<group>";
		};
		00B010611876BB9700D6F349 /* Supporting Files */ = {
			isa = PBXGroup;
			children = (
				00B010621876BB9700D6F349 /* p117-Info.plist */,
				00B010631876BB9700D6F349 /* InfoPlist.strings */,
				00B010661876BB9700D6F349 /* main.m */,
				00B010681876BB9700D6F349 /* p117-Prefix.pch */,
			);
			name = "Supporting Files";
			sourceTree = "<group>";
		};
		00B0107F1876BB9700D6F349 /* p117Tests */ = {
			isa = PBXGroup;
			children = (
				00B010851876BB9700D6F349 /* p117Tests.m */,
				00B010801876BB9700D6F349 /* Supporting Files */,
			);
			path = p117Tests;
			sourceTree = "<group>";
		};
		00B010801876BB9700D6F349 /* Supporting Files */ = {
			isa = PBXGroup;
			children = (
				00B010811876BB9700D6F349 /* p117Tests-Info.plist */,
				00B010821876BB9700D6F349 /* InfoPlist.strings */,
			);
			name = "Supporting Files";
			sourceTree = "<group>";
		};
/* End PBXGroup section */

/* Begin PBXNativeTarget section */
		00B010561876BB9700D6F349 /* p117 */ = {
			isa = PBXNativeTarget;
			buildConfigurationList = 00B010891876BB9700D6F349 /* Build configuration list for PBXNativeTarget "p117" */;
			buildPhases = (
				00B010531876BB9700D6F349 /* Sources */,
				00B010541876BB9700D6F349 /* Frameworks */,
				00B010551876BB9700D6F349 /* Resources */,
			);
			buildRules = (
			);
			dependencies = (
			);
			name = p117;
			productName = p117;
			productReference = 00B010571876BB9700D6F349 /* p117.app */;
			productType = "com.apple.product-type.application";
		};
		00B010771876BB9700D6F349 /* p117Tests */ = {
			isa = PBXNativeTarget;
			buildConfigurationList = 00B0108C1876BB9700D6F349 /* Build configuration list for PBXNativeTarget "p117Tests" */;
			buildPhases = (
				00B010741876BB9700D6F349 /* Sources */,
				00B010751876BB9700D6F349 /* Frameworks */,
				00B010761876BB9700D6F349 /* Resources */,
			);
			buildRules = (
			);
			dependencies = (
				00B0107E1876BB9700D6F349 /* PBXTargetDependency */,
			);
			name = p117Tests;
			productName = p117Tests;
			productReference = 00B010781876BB9700D6F349 /* p117Tests.xctest */;
			productType = "com.apple.product-type.bundle.unit-test";
		};
/* End PBXNativeTarget section */

/* Begin PBXProject section */
		00B0104F1876BB9700D6F349 /* Project object */ = {
			isa = PBXProject;
			attributes = {
				LastUpgradeCheck = 0500;
				ORGANIZATIONNAME = "SDT-1";
				TargetAttributes = {
					00B010771876BB9700D6F349 = {
						TestTargetID = 00B010561876BB9700D6F349;
					};
				};
			};
			buildConfigurationList = 00B010521876BB9700D6F349 /* Build configuration list for PBXProject "p117" */;
			compatibilityVersion = "Xcode 3.2";
			developmentRegion = English;
			hasScannedForEncodings = 0;
			knownRegions = (
				en,
				Base,
			);
			mainGroup = 00B0104E1876BB9700D6F349;
			productRefGroup = 00B010581876BB9700D6F349 /* Products */;
			projectDirPath = "";
			projectRoot = "";
			targets = (
				00B010561876BB9700D6F349 /* p117 */,
				00B010771876BB9700D6F349 /* p117Tests */,
			);
		};
/* End PBXProject section */

/* Begin PBXResourcesBuildPhase section */
		00B010551876BB9700D6F349 /* Resources */ = {
			isa = PBXResourcesBuildPhase;
			buildActionMask = 2147483647;
			files = (
				00B010731876BB9700D6F349 /* Images.xcassets in Resources */,
				00B010651876BB9700D6F349 /* InfoPlist.strings in Resources */,
				00B0106E1876BB9700D6F349 /* Main.storyboard in Resources */,
			);
			runOnlyForDeploymentPostprocessing = 0;
		};
		00B010761876BB9700D6F349 /* Resources */ = {
			isa = PBXResourcesBuildPhase;
			buildActionMask = 2147483647;
			files = (
				00B010841876BB9700D6F349 /* InfoPlist.strings in Resources */,
			);
			runOnlyForDeploymentPostprocessing = 0;
		};
/* End PBXResourcesBuildPhase section */

/* Begin PBXSourcesBuildPhase section */
		00B010531876BB9700D6F349 /* Sources */ = {
			isa = PBXSourcesBuildPhase;
			buildActionMask = 2147483647;
			files = (
				00B010711876BB9700D6F349 /* ViewController.m in Sources */,
				00B0106B1876BB9700D6F349 /* AppDelegate.m in Sources */,
				00B010671876BB9700D6F349 /* main.m in Sources */,
			);
			runOnlyForDeploymentPostprocessing = 0;
		};
		00B010741876BB9700D6F349 /* Sources */ = {
			isa = PBXSourcesBuildPhase;
			buildActionMask = 2147483647;
			files = (
				00B010861876BB9700D6F349 /* p117Tests.m in Sources */,
			);
			runOnlyForDeploymentPostprocessing = 0;
		};
/* End PBXSourcesBuildPhase section */

/* Begin PBXTargetDependency section */
		00B0107E1876BB9700D6F349 /* PBXTargetDependency */ = {
			isa = PBXTargetDependency;
			target = 00B010561876BB9700D6F349 /* p117 */;
			targetProxy = 00B0107D1876BB9700D6F349 /* PBXContainerItemProxy */;
		};
/* End PBXTargetDependency section */

/* Begin PBXVariantGroup section */
		00B010631876BB9700D6F349 /* InfoPlist.strings */ = {
			isa = PBXVariantGroup;
			children = (
				00B010641876BB9700D6F349 /* en */,
			);
			name = InfoPlist.strings;
			sourceTree = "<group>";
		};
		00B0106C1876BB9700D6F349 /* Main.storyboard */ = {
			isa = PBXVariantGroup;
			children = (
				00B0106D1876BB9700D6F349 /* Base */,
			);
			name = Main.storyboard;
			sourceTree = "<group>";
		};
		00B010821876BB9700D6F349 /* InfoPlist.strings */ = {
			isa = PBXVariantGroup;
			children = (
				00B010831876BB9700D6F349 /* en */,
			);
			name = InfoPlist.strings;
			sourceTree = "<group>";
		};
/* End PBXVariantGroup section */

/* Begin XCBuildConfiguration section */
		00B010871876BB9700D6F349 /* Debug */ = {
			isa = XCBuildConfiguration;
			buildSettings = {
				ALWAYS_SEARCH_USER_PATHS = NO;
				ARCHS = "$(ARCHS_STANDARD_INCLUDING_64_BIT)";
				CLANG_CXX_LANGUAGE_STANDARD = "gnu++0x";
				CLANG_CXX_LIBRARY = "libc++";
				CLANG_ENABLE_MODULES = YES;
				CLANG_ENABLE_OBJC_ARC = YES;
				CLANG_WARN_BOOL_CONVERSION = YES;
				CLANG_WARN_CONSTANT_CONVERSION = YES;
				CLANG_WARN_DIRECT_OBJC_ISA_USAGE = YES_ERROR;
				CLANG_WARN_EMPTY_BODY = YES;
				CLANG_WARN_ENUM_CONVERSION = YES;
				CLANG_WARN_INT_CONVERSION = YES;
				CLANG_WARN_OBJC_ROOT_CLASS = YES_ERROR;
				CLANG_WARN__DUPLICATE_METHOD_MATCH = YES;
				"CODE_SIGN_IDENTITY[sdk=iphoneos*]" = "iPhone Developer";
				COPY_PHASE_STRIP = NO;
				GCC_C_LANGUAGE_STANDARD = gnu99;
				GCC_DYNAMIC_NO_PIC = NO;
				GCC_OPTIMIZATION_LEVEL = 0;
				GCC_PREPROCESSOR_DEFINITIONS = (
					"DEBUG=1",
					"$(inherited)",
				);
				GCC_SYMBOLS_PRIVATE_EXTERN = NO;
				GCC_WARN_64_TO_32_BIT_CONVERSION = YES;
				GCC_WARN_ABOUT_RETURN_TYPE = YES_ERROR;
				GCC_WARN_UNDECLARED_SELECTOR = YES;
				GCC_WARN_UNINITIALIZED_AUTOS = YES;
				GCC_WARN_UNUSED_FUNCTION = YES;
				GCC_WARN_UNUSED_VARIABLE = YES;
				IPHONEOS_DEPLOYMENT_TARGET = 7.0;
				ONLY_ACTIVE_ARCH = YES;
				SDKROOT = iphoneos;
			};
			name = Debug;
		};
		00B010881876BB9700D6F349 /* Release */ = {
			isa = XCBuildConfiguration;
			buildSettings = {
				ALWAYS_SEARCH_USER_PATHS = NO;
				ARCHS = "$(ARCHS_STANDARD_INCLUDING_64_BIT)";
				CLANG_CXX_LANGUAGE_STANDARD = "gnu++0x";
				CLANG_CXX_LIBRARY = "libc++";
				CLANG_ENABLE_MODULES = YES;
				CLANG_ENABLE_OBJC_ARC = YES;
				CLANG_WARN_BOOL_CONVERSION = YES;
				CLANG_WARN_CONSTANT_CONVERSION = YES;
				CLANG_WARN_DIRECT_OBJC_ISA_USAGE = YES_ERROR;
				CLANG_WARN_EMPTY_BODY = YES;
				CLANG_WARN_ENUM_CONVERSION = YES;
				CLANG_WARN_INT_CONVERSION = YES;
				CLANG_WARN_OBJC_ROOT_CLASS = YES_ERROR;
				CLANG_WARN__DUPLICATE_METHOD_MATCH = YES;
				"CODE_SIGN_IDENTITY[sdk=iphoneos*]" = "iPhone Developer";
				COPY_PHASE_STRIP = YES;
				ENABLE_NS_ASSERTIONS = NO;
				GCC_C_LANGUAGE_STANDARD = gnu99;
				GCC_WARN_64_TO_32_BIT_CONVERSION = YES;
				GCC_WARN_ABOUT_RETURN_TYPE = YES_ERROR;
				GCC_WARN_UNDECLARED_SELECTOR = YES;
				GCC_WARN_UNINITIALIZED_AUTOS = YES;
				GCC_WARN_UNUSED_FUNCTION = YES;
				GCC_WARN_UNUSED_VARIABLE = YES;
				IPHONEOS_DEPLOYMENT_TARGET = 7.0;
				SDKROOT = iphoneos;
				VALIDATE_PRODUCT = YES;
			};
			name = Release;
		};
		00B0108A1876BB9700D6F349 /* Debug */ = {
			isa = XCBuildConfiguration;
			buildSettings = {
				ASSETCATALOG_COMPILER_APPICON_NAME = AppIcon;
				ASSETCATALOG_COMPILER_LAUNCHIMAGE_NAME = LaunchImage;
				GCC_PRECOMPILE_PREFIX_HEADER = YES;
				GCC_PREFIX_HEADER = "p117/p117-Prefix.pch";
				INFOPLIST_FILE = "p117/p117-Info.plist";
				PRODUCT_NAME = "$(TARGET_NAME)";
				WRAPPER_EXTENSION = app;
			};
			name = Debug;
		};
		00B0108B1876BB9700D6F349 /* Release */ = {
			isa = XCBuildConfiguration;
			buildSettings = {
				ASSETCATALOG_COMPILER_APPICON_NAME = AppIcon;
				ASSETCATALOG_COMPILER_LAUNCHIMAGE_NAME = LaunchImage;
				GCC_PRECOMPILE_PREFIX_HEADER = YES;
				GCC_PREFIX_HEADER = "p117/p117-Prefix.pch";
				INFOPLIST_FILE = "p117/p117-Info.plist";
				PRODUCT_NAME = "$(TARGET_NAME)";
				WRAPPER_EXTENSION = app;
			};
			name = Release;
		};
		00B0108D1876BB9700D6F349 /* Debug */ = {
			isa = XCBuildConfiguration;
			buildSettings = {
				ARCHS = "$(ARCHS_STANDARD_INCLUDING_64_BIT)";
				BUNDLE_LOADER = "$(BUILT_PRODUCTS_DIR)/p117.app/p117";
				FRAMEWORK_SEARCH_PATHS = (
					"$(SDKROOT)/Developer/Library/Frameworks",
					"$(inherited)",
					"$(DEVELOPER_FRAMEWORKS_DIR)",
				);
				GCC_PRECOMPILE_PREFIX_HEADER = YES;
				GCC_PREFIX_HEADER = "p117/p117-Prefix.pch";
				GCC_PREPROCESSOR_DEFINITIONS = (
					"DEBUG=1",
					"$(inherited)",
				);
				INFOPLIST_FILE = "p117Tests/p117Tests-Info.plist";
				PRODUCT_NAME = "$(TARGET_NAME)";
				TEST_HOST = "$(BUNDLE_LOADER)";
				WRAPPER_EXTENSION = xctest;
			};
			name = Debug;
		};
		00B0108E1876BB9700D6F349 /* Release */ = {
			isa = XCBuildConfiguration;
			buildSettings = {
				ARCHS = "$(ARCHS_STANDARD_INCLUDING_64_BIT)";
				BUNDLE_LOADER = "$(BUILT_PRODUCTS_DIR)/p117.app/p117";
				FRAMEWORK_SEARCH_PATHS = (
					"$(SDKROOT)/Developer/Library/Frameworks",
					"$(inherited)",
					"$(DEVELOPER_FRAMEWORKS_DIR)",
				);
				GCC_PRECOMPILE_PREFIX_HEADER = YES;
				GCC_PREFIX_HEADER = "p117/p117-Prefix.pch";
				INFOPLIST_FILE = "p117Tests/p117Tests-Info.plist";
				PRODUCT_NAME = "$(TARGET_NAME)";
				TEST_HOST = "$(BUNDLE_LOADER)";
				WRAPPER_EXTENSION = xctest;
			};
			name = Release;
		};
/* End XCBuildConfiguration section */

/* Begin XCConfigurationList section */
		00B010521876BB9700D6F349 /* Build configuration list for PBXProject "p117" */ = {
			isa = XCConfigurationList;
			buildConfigurations = (
				00B010871876BB9700D6F349 /* Debug */,
				00B010881876BB9700D6F349 /* Release */,
			);
			defaultConfigurationIsVisible = 0;
			defaultConfigurationName = Release;
		};
		00B010891876BB9700D6F349 /* Build configuration list for PBXNativeTarget "p117" */ = {
			isa = XCConfigurationList;
			buildConfigurations = (
				00B0108A1876BB9700D6F349 /* Debug */,
				00B0108B1876BB9700D6F349 /* Release */,
			);
			defaultConfigurationIsVisible = 0;
		};
		00B0108C1876BB9700D6F349 /* Build configuration list for PBXNativeTarget "p117Tests" */ = {
			isa = XCConfigurationList;
			buildConfigurations = (
				00B0108D1876BB9700D6F349 /* Debug */,
				00B0108E1876BB9700D6F349 /* Release */,
			);
			defaultConfigurationIsVisible = 0;
		};
/* End XCConfigurationList section */
	};
	rootObject = 00B0104F1876BB9700D6F349 /* Project object */;
}
